
Microsoft Visual Studio Solution File, Format Version 12.00
# Visual Studio 15
VisualStudioVersion = 15.0.28010.2050
MinimumVisualStudioVersion = 10.0.40219.1
Project("{FAE04EC0-301F-11D3-BF4B-00C04F79EFBC}") = "TodoApi", "ToDoApi\TodoApi.csproj", "{BEAEEC45-1096-4A6D-B607-017315D2FE0E}"
EndProject
Global
	GlobalSection(SolutionConfigurationPlatforms) = preSolution
		Debug|Any CPU = Debug|Any CPU
		Release|Any CPU = Release|Any CPU
	EndGlobalSection
	GlobalSection(ProjectConfigurationPlatforms) = postSolution
		{BEAEEC45-1096-4A6D-B607-017315D2FE0E}.Debug|Any CPU.ActiveCfg = Debug|Any CPU
		{BEAEEC45-1096-4A6D-B607-017315D2FE0E}.Debug|Any CPU.Build.0 = Debug|Any CPU
		{BEAEEC45-1096-4A6D-B607-017315D2FE0E}.Release|Any CPU.ActiveCfg = Release|Any CPU
		{BEAEEC45-1096-4A6D-B607-017315D2FE0E}.Release|Any CPU.Build.0 = Release|Any CPU
	EndGlobalSection
	GlobalSection(SolutionProperties) = preSolution
		HideSolutionNode = FALSE
	EndGlobalSection
	GlobalSection(ExtensibilityGlobals) = postSolution
		SolutionGuid = {23C0BBA4-226C-487A-93BF-6D80C29BF153}
	EndGlobalSection
EndGlobal
